{
  "name": "zsh-starship-config",
  "version": "3.1.0",
  "lockfileVersion": 3,
  "requires": true,
  "packages": {
    "": {
      "name": "zsh-starship-config",
      "version": "3.1.0",
      "license": "MIT",
      "dependencies": {
        "zsh-starship-config": "^3.1.0"
      },
      "bin": {
        "zsc": "bin/cli.js",
        "zsh-starship-config": "bin/cli.js"
      },
      "engines": {
        "node": ">=14"
      }
    },
    "node_modules/zsh-starship-config": {
      "version": "3.1.0",
      "resolved": "https://registry.npmjs.org/zsh-starship-config/-/zsh-starship-config-3.1.0.tgz",
      "integrity": "sha512-pvhoZ9I0wr75KuIcdXiKesSECmvqEtWW/0ZugVXepq6UhmCOxbgfI0Yoz3XhYjUYr83yowRVcOqoiqMyDsn1dA==",
      "license": "MIT",
      "bin": {
        "zsc": "bin/cli.js",
        "zsh-starship-config": "bin/cli.js"
      },
      "engines": {
        "node": ">=14"
      }
    }
  }
}
